<Solution>
  <Project Path="CodeStage.AFPSCounter.Runtime.csproj" />
  <Project Path="Assembly-CSharp.csproj" />
  <Project Path="Assembly-CSharp-Editor.csproj" />
  <Project Path="Unity.AI.Navigation.Samples.csproj" />
  <Project Path="Utils.csproj" />
  <Project Path="CodeStage.AFPSCounter.Editor.csproj" />
  <Project Path="RealSense.csproj" />
  <Project Path="CodeStage.AFPSCounter.Examples.csproj" />
  <Project Path="Unity.AI.Navigation.Samples.Initialization.Editor.csproj" />
</Solution>
